Microsoft Visual Studio Solution File, Format Version 12.00
# Visual Studio Version 17
VisualStudioVersion = 17.5.2.0
MinimumVisualStudioVersion = 10.0.40219.1
Project("{FAE04EC0-301F-11D3-BF4B-00C04F79EFBC}") = "ia-backend", "ia-backend\ia-backend.csproj", "{AE07BA63-56CB-B8D7-E737-374B735F095C}"
EndProject
Global
	GlobalSection(SolutionConfigurationPlatforms) = preSolution
		Debug|Any CPU = Debug|Any CPU
		Release|Any CPU = Release|Any CPU
	EndGlobalSection
	GlobalSection(ProjectConfigurationPlatforms) = postSolution
		{AE07BA63-56CB-B8D7-E737-374B735F095C}.Debug|Any CPU.ActiveCfg = Debug|Any CPU
		{AE07BA63-56CB-B8D7-E737-374B735F095C}.Debug|Any CPU.Build.0 = Debug|Any CPU
		{AE07BA63-56CB-B8D7-E737-374B735F095C}.Release|Any CPU.ActiveCfg = Release|Any CPU
		{AE07BA63-56CB-B8D7-E737-374B735F095C}.Release|Any CPU.Build.0 = Release|Any CPU
	EndGlobalSection
	GlobalSection(SolutionProperties) = preSolution
		HideSolutionNode = FALSE
	EndGlobalSection
	GlobalSection(ExtensibilityGlobals) = postSolution
		SolutionGuid = {FD178066-13C2-4B5E-9279-41EB5C5CFD5E}
	EndGlobalSection
EndGlobal
